// !$*UTF8*$!
{
	archiveVersion = 1;
	classes = {
	};
	objectVersion = 46;
	objects = {

/* Begin PBXBuildFile section */
		68A9CCFC1A65015F003D09E4 /* Foundation.framework in Frameworks */ = {isa = PBXBuildFile; fileRef = 68A9CCFB1A65015F003D09E4 /* Foundation.framework */; };
		68A9CCFE1A65015F003D09E4 /* CoreGraphics.framework in Frameworks */ = {isa = PBXBuildFile; fileRef = 68A9CCFD1A65015F003D09E4 /* CoreGraphics.framework */; };
		68A9CD001A65015F003D09E4 /* UIKit.framework in Frameworks */ = {isa = PBXBuildFile; fileRef = 68A9CCFF1A65015F003D09E4 /* UIKit.framework */; };
		68A9CD4C1A65546E003D09E4 /* AddressBook.framework in Frameworks */ = {isa = PBXBuildFile; fileRef = 68A9CD411A65546D003D09E4 /* AddressBook.framework */; };
		68A9CD4D1A65546E003D09E4 /* AssetsLibrary.framework in Frameworks */ = {isa = PBXBuildFile; fileRef = 68A9CD421A65546D003D09E4 /* AssetsLibrary.framework */; };
		68A9CD4E1A65546E003D09E4 /* CoreLocation.framework in Frameworks */ = {isa = PBXBuildFile; fileRef = 68A9CD431A65546D003D09E4 /* CoreLocation.framework */; };
		68A9CD4F1A65546E003D09E4 /* CoreMotion.framework in Frameworks */ = {isa = PBXBuildFile; fileRef = 68A9CD441A65546D003D09E4 /* CoreMotion.framework */; };
		68A9CD501A65546E003D09E4 /* CoreText.framework in Frameworks */ = {isa = PBXBuildFile; fileRef = 68A9CD451A65546D003D09E4 /* CoreText.framework */; };
		68A9CD511A65546E003D09E4 /* MediaPlayer.framework in Frameworks */ = {isa = PBXBuildFile; fileRef = 68A9CD461A65546D003D09E4 /* MediaPlayer.framework */; };
		68A9CD521A65546E003D09E4 /* MessageUI.framework in Frameworks */ = {isa = PBXBuildFile; fileRef = 68A9CD471A65546D003D09E4 /* MessageUI.framework */; };
		68A9CD531A65546E003D09E4 /* MobileCoreServices.framework in Frameworks */ = {isa = PBXBuildFile; fileRef = 68A9CD481A65546D003D09E4 /* MobileCoreServices.framework */; };
		68A9CD541A65546E003D09E4 /* QuartzCore.framework in Frameworks */ = {isa = PBXBuildFile; fileRef = 68A9CD491A65546D003D09E4 /* QuartzCore.framework */; };
		68A9CD551A65546E003D09E4 /* Security.framework in Frameworks */ = {isa = PBXBuildFile; fileRef = 68A9CD4A1A65546E003D09E4 /* Security.framework */; };
		68A9CD561A65546E003D09E4 /* SystemConfiguration.framework in Frameworks */ = {isa = PBXBuildFile; fileRef = 68A9CD4B1A65546E003D09E4 /* SystemConfiguration.framework */; };
		68C03A861A95B25600555891 /* AppDelegate.m in Sources */ = {isa = PBXBuildFile; fileRef = 68C03A761A95B25600555891 /* AppDelegate.m */; };
		68C03A881A95B25600555891 /* Main_iPad.storyboard in Resources */ = {isa = PBXBuildFile; fileRef = 68C03A771A95B25600555891 /* Main_iPad.storyboard */; };
		68C03A8A1A95B25600555891 /* Main_iPhone.storyboard in Resources */ = {isa = PBXBuildFile; fileRef = 68C03A791A95B25600555891 /* Main_iPhone.storyboard */; };
		68C03A8E1A95B25600555891 /* InfoPlist.strings in Resources */ = {isa = PBXBuildFile; fileRef = 68C03A7D1A95B25600555891 /* InfoPlist.strings */; };
		68C03A901A95B25600555891 /* Images.xcassets in Resources */ = {isa = PBXBuildFile; fileRef = 68C03A7F1A95B25600555891 /* Images.xcassets */; };
		68C03A921A95B25600555891 /* main.m in Sources */ = {isa = PBXBuildFile; fileRef = 68C03A801A95B25600555891 /* main.m */; };
		68CC908E1AA5A8C300F3CB48 /* UIColor+PPColor.m in Sources */ = {isa = PBXBuildFile; fileRef = 68CC904E1AA5A8C300F3CB48 /* UIColor+PPColor.m */; };
		68CC908F1AA5A8C300F3CB48 /* CoLabListViewController.m in Sources */ = {isa = PBXBuildFile; fileRef = 68CC90511AA5A8C300F3CB48 /* CoLabListViewController.m */; };
		68CC90901AA5A8C300F3CB48 /* CreateIdea_BriefViewController.m in Sources */ = {isa = PBXBuildFile; fileRef = 68CC90531AA5A8C300F3CB48 /* CreateIdea_BriefViewController.m */; };
		68CC90911AA5A8C300F3CB48 /* ExpendableTableViewController.m in Sources */ = {isa = PBXBuildFile; fileRef = 68CC90551AA5A8C300F3CB48 /* ExpendableTableViewController.m */; };
		68CC90921AA5A8C300F3CB48 /* HomeViewController.m in Sources */ = {isa = PBXBuildFile; fileRef = 68CC90571AA5A8C300F3CB48 /* HomeViewController.m */; };
		68CC90931AA5A8C300F3CB48 /* LoginViewController.m in Sources */ = {isa = PBXBuildFile; fileRef = 68CC90591AA5A8C300F3CB48 /* LoginViewController.m */; };
		68CC90941AA5A8C300F3CB48 /* ProfileViewController.m in Sources */ = {isa = PBXBuildFile; fileRef = 68CC905B1AA5A8C300F3CB48 /* ProfileViewController.m */; };
		68CC90951AA5A8C300F3CB48 /* SearchViewController.m in Sources */ = {isa = PBXBuildFile; fileRef = 68CC905D1AA5A8C300F3CB48 /* SearchViewController.m */; };
		68CC90D61AA5A8E300F3CB48 /* HVTableView.m in Sources */ = {isa = PBXBuildFile; fileRef = 68CC90C41AA5A8E300F3CB48 /* HVTableView.m */; };
		68CC90D71AA5A8E300F3CB48 /* LatestIBCell.m in Sources */ = {isa = PBXBuildFile; fileRef = 68CC90C61AA5A8E300F3CB48 /* LatestIBCell.m */; };
		68CC90D81AA5A8E300F3CB48 /* NoteView.m in Sources */ = {isa = PBXBuildFile; fileRef = 68CC90C81AA5A8E300F3CB48 /* NoteView.m */; };
		68CC90D91AA5A8E300F3CB48 /* OverlayView.m in Sources */ = {isa = PBXBuildFile; fileRef = 68CC90CA1AA5A8E300F3CB48 /* OverlayView.m */; };
		68CC90DA1AA5A8E300F3CB48 /* PPUtilts.m in Sources */ = {isa = PBXBuildFile; fileRef = 68CC90CC1AA5A8E300F3CB48 /* PPUtilts.m */; };
		68CC90DB1AA5A8E300F3CB48 /* CoLabListViewController.xib in Resources */ = {isa = PBXBuildFile; fileRef = 68CC90CE1AA5A8E300F3CB48 /* CoLabListViewController.xib */; };
		68CC90DC1AA5A8E300F3CB48 /* CreateIdea_BriefViewController.xib in Resources */ = {isa = PBXBuildFile; fileRef = 68CC90CF1AA5A8E300F3CB48 /* CreateIdea_BriefViewController.xib */; };
		68CC90DD1AA5A8E300F3CB48 /* ExpendableTableViewController.xib in Resources */ = {isa = PBXBuildFile; fileRef = 68CC90D01AA5A8E300F3CB48 /* ExpendableTableViewController.xib */; };
		68CC90DE1AA5A8E300F3CB48 /* HomeViewController.xib in Resources */ = {isa = PBXBuildFile; fileRef = 68CC90D11AA5A8E300F3CB48 /* HomeViewController.xib */; };
		68CC90DF1AA5A8E300F3CB48 /* LatestIBCell.xib in Resources */ = {isa = PBXBuildFile; fileRef = 68CC90D21AA5A8E300F3CB48 /* LatestIBCell.xib */; };
		68CC90E01AA5A8E300F3CB48 /* LoginViewController.xib in Resources */ = {isa = PBXBuildFile; fileRef = 68CC90D31AA5A8E300F3CB48 /* LoginViewController.xib */; };
		68CC90E11AA5A8E300F3CB48 /* ProfileViewController.xib in Resources */ = {isa = PBXBuildFile; fileRef = 68CC90D41AA5A8E300F3CB48 /* ProfileViewController.xib */; };
		68CC90E21AA5A8E300F3CB48 /* SearchViewController.xib in Resources */ = {isa = PBXBuildFile; fileRef = 68CC90D51AA5A8E300F3CB48 /* SearchViewController.xib */; };
		68CC91131AA5AA3100F3CB48 /* 100x100.png in Resources */ = {isa = PBXBuildFile; fileRef = 68CC90E51AA5AA3100F3CB48 /* 100x100.png */; };
		68CC91141AA5AA3100F3CB48 /* 114x114.png in Resources */ = {isa = PBXBuildFile; fileRef = 68CC90E61AA5AA3100F3CB48 /* 114x114.png */; };
		68CC91151AA5AA3100F3CB48 /* 120x120.png in Resources */ = {isa = PBXBuildFile; fileRef = 68CC90E71AA5AA3100F3CB48 /* 120x120.png */; };
		68CC91161AA5AA3100F3CB48 /* 144x144.png in Resources */ = {isa = PBXBuildFile; fileRef = 68CC90E81AA5AA3100F3CB48 /* 144x144.png */; };
		68CC91171AA5AA3100F3CB48 /* 152x152.png in Resources */ = {isa = PBXBuildFile; fileRef = 68CC90E91AA5AA3100F3CB48 /* 152x152.png */; };
		68CC91181AA5AA3100F3CB48 /* 180x180.png in Resources */ = {isa = PBXBuildFile; fileRef = 68CC90EA1AA5AA3100F3CB48 /* 180x180.png */; };
		68CC91191AA5AA3100F3CB48 /* 29x29.png in Resources */ = {isa = PBXBuildFile; fileRef = 68CC90EB1AA5AA3100F3CB48 /* 29x29.png */; };
		68CC911A1AA5AA3100F3CB48 /* 40x40.png in Resources */ = {isa = PBXBuildFile; fileRef = 68CC90EC1AA5AA3100F3CB48 /* 40x40.png */; };
		68CC911B1AA5AA3100F3CB48 /* 50x50.png in Resources */ = {isa = PBXBuildFile; fileRef = 68CC90ED1AA5AA3100F3CB48 /* 50x50.png */; };
		68CC911C1AA5AA3100F3CB48 /* 57x57.png in Resources */ = {isa = PBXBuildFile; fileRef = 68CC90EE1AA5AA3100F3CB48 /* 57x57.png */; };
		68CC911D1AA5AA3100F3CB48 /* 58x58.png in Resources */ = {isa = PBXBuildFile; fileRef = 68CC90EF1AA5AA3100F3CB48 /* 58x58.png */; };
		68CC911E1AA5AA3100F3CB48 /* 72x72.png in Resources */ = {isa = PBXBuildFile; fileRef = 68CC90F01AA5AA3100F3CB48 /* 72x72.png */; };
		68CC911F1AA5AA3100F3CB48 /* 76x76.png in Resources */ = {isa = PBXBuildFile; fileRef = 68CC90F11AA5AA3100F3CB48 /* 76x76.png */; };
		68CC91201AA5AA3100F3CB48 /* 80x80.png in Resources */ = {isa = PBXBuildFile; fileRef = 68CC90F21AA5AA3100F3CB48 /* 80x80.png */; };
		68CC91211AA5AA3100F3CB48 /* 87*87.png in Resources */ = {isa = PBXBuildFile; fileRef = 68CC90F31AA5AA3100F3CB48 /* 87*87.png */; };
		68CC91221AA5AA3100F3CB48 /* CoAppImage.png in Resources */ = {isa = PBXBuildFile; fileRef = 68CC90F41AA5AA3100F3CB48 /* CoAppImage.png */; };
		68CC91231AA5AA3100F3CB48 /* CoAppImage@2x.png in Resources */ = {isa = PBXBuildFile; fileRef = 68CC90F51AA5AA3100F3CB48 /* CoAppImage@2x.png */; };
		68CC91241AA5AA3100F3CB48 /* CoAppImage@3x.png in Resources */ = {isa = PBXBuildFile; fileRef = 68CC90F61AA5AA3100F3CB48 /* CoAppImage@3x.png */; };
		68CC91251AA5AA3100F3CB48 /* answer_brief.png in Resources */ = {isa = PBXBuildFile; fileRef = 68CC90F81AA5AA3100F3CB48 /* answer_brief.png */; };
		68CC91261AA5AA3100F3CB48 /* Attachment_Image.png in Resources */ = {isa = PBXBuildFile; fileRef = 68CC90F91AA5AA3100F3CB48 /* Attachment_Image.png */; };
		68CC91271AA5AA3100F3CB48 /* ChooseAPhoto.png in Resources */ = {isa = PBXBuildFile; fileRef = 68CC90FA1AA5AA3100F3CB48 /* ChooseAPhoto.png */; };
		68CC91281AA5AA3100F3CB48 /* Close.png in Resources */ = {isa = PBXBuildFile; fileRef = 68CC90FB1AA5AA3100F3CB48 /* Close.png */; };
		68CC91291AA5AA3100F3CB48 /* Close_Image.png in Resources */ = {isa = PBXBuildFile; fileRef = 68CC90FC1AA5AA3100F3CB48 /* Close_Image.png */; };
		68CC912A1AA5AA3100F3CB48 /* Create_New_Brief_Image.png in Resources */ = {isa = PBXBuildFile; fileRef = 68CC90FD1AA5AA3100F3CB48 /* Create_New_Brief_Image.png */; };
		68CC912B1AA5AA3100F3CB48 /* Create_New_Idea_Image.png in Resources */ = {isa = PBXBuildFile; fileRef = 68CC90FE1AA5AA3100F3CB48 /* Create_New_Idea_Image.png */; };
		68CC912C1AA5AA3100F3CB48 /* createnewidea.png in Resources */ = {isa = PBXBuildFile; fileRef = 68CC90FF1AA5AA3100F3CB48 /* createnewidea.png */; };
		68CC912D1AA5AA3100F3CB48 /* found.png in Resources */ = {isa = PBXBuildFile; fileRef = 68CC91001AA5AA3100F3CB48 /* found.png */; };
		68CC912E1AA5AA3100F3CB48 /* Google_Login_ButtonImage.png in Resources */ = {isa = PBXBuildFile; fileRef = 68CC91011AA5AA3100F3CB48 /* Google_Login_ButtonImage.png */; };
		68CC912F1AA5AA3100F3CB48 /* hot_icon.png in Resources */ = {isa = PBXBuildFile; fileRef = 68CC91021AA5AA3100F3CB48 /* hot_icon.png */; };
		68CC91301AA5AA3100F3CB48 /* Latest_Idea_And_Briefs.png in Resources */ = {isa = PBXBuildFile; fileRef = 68CC91031AA5AA3100F3CB48 /* Latest_Idea_And_Briefs.png */; };
		68CC91311AA5AA3100F3CB48 /* line.png in Resources */ = {isa = PBXBuildFile; fileRef = 68CC91041AA5AA3100F3CB48 /* line.png */; };
		68CC91321AA5AA3100F3CB48 /* newbreif.png in Resources */ = {isa = PBXBuildFile; fileRef = 68CC91051AA5AA3100F3CB48 /* newbreif.png */; };
		68CC91331AA5AA3100F3CB48 /* Next_Image.png in Resources */ = {isa = PBXBuildFile; fileRef = 68CC91061AA5AA3100F3CB48 /* Next_Image.png */; };
		68CC91341AA5AA3100F3CB48 /* plus.png in Resources */ = {isa = PBXBuildFile; fileRef = 68CC91071AA5AA3100F3CB48 /* plus.png */; };
		68CC91351AA5AA3100F3CB48 /* Profile_Image.png in Resources */ = {isa = PBXBuildFile; fileRef = 68CC91081AA5AA3100F3CB48 /* Profile_Image.png */; };
		68CC91361AA5AA3100F3CB48 /* s1.png in Resources */ = {isa = PBXBuildFile; fileRef = 68CC91091AA5AA3100F3CB48 /* s1.png */; };
		68CC91371AA5AA3100F3CB48 /* Search_Image.png in Resources */ = {isa = PBXBuildFile; fileRef = 68CC910A1AA5AA3100F3CB48 /* Search_Image.png */; };
		68CC91381AA5AA3100F3CB48 /* TakeAPhoto.png in Resources */ = {isa = PBXBuildFile; fileRef = 68CC910B1AA5AA3100F3CB48 /* TakeAPhoto.png */; };
		68CC91391AA5AA3100F3CB48 /* white_arrow.png in Resources */ = {isa = PBXBuildFile; fileRef = 68CC910C1AA5AA3100F3CB48 /* white_arrow.png */; };
		68CC913A1AA5AA3100F3CB48 /* 1242x2208.png in Resources */ = {isa = PBXBuildFile; fileRef = 68CC910E1AA5AA3100F3CB48 /* 1242x2208.png */; };
		68CC913B1AA5AA3100F3CB48 /* 320*480.png in Resources */ = {isa = PBXBuildFile; fileRef = 68CC910F1AA5AA3100F3CB48 /* 320*480.png */; };
		68CC913C1AA5AA3100F3CB48 /* 640x1136.png in Resources */ = {isa = PBXBuildFile; fileRef = 68CC91101AA5AA3100F3CB48 /* 640x1136.png */; };
		68CC913D1AA5AA3100F3CB48 /* 640x960.png in Resources */ = {isa = PBXBuildFile; fileRef = 68CC91111AA5AA3100F3CB48 /* 640x960.png */; };
		68CC913E1AA5AA3100F3CB48 /* 750x1334.png in Resources */ = {isa = PBXBuildFile; fileRef = 68CC91121AA5AA3100F3CB48 /* 750x1334.png */; };
		C7DBB8057AB49057AB7C06EF /* libPods.a in Frameworks */ = {isa = PBXBuildFile; fileRef = A3E4C55BDE693B1621293BE5 /* libPods.a */; };
/* End PBXBuildFile section */

/* Begin PBXFileReference section */
		68A9CCF81A65015F003D09E4 /* Co\Lab .app */ = {isa = PBXFileReference; explicitFileType = wrapper.application; includeInIndex = 0; path = "Co\\Lab .app"; sourceTree = BUILT_PRODUCTS_DIR; };
		68A9CCFB1A65015F003D09E4 /* Foundation.framework */ = {isa = PBXFileReference; lastKnownFileType = wrapper.framework; name = Foundation.framework; path = System/Library/Frameworks/Foundation.framework; sourceTree = SDKROOT; };
		68A9CCFD1A65015F003D09E4 /* CoreGraphics.framework */ = {isa = PBXFileReference; lastKnownFileType = wrapper.framework; name = CoreGraphics.framework; path = System/Library/Frameworks/CoreGraphics.framework; sourceTree = SDKROOT; };
		68A9CCFF1A65015F003D09E4 /* UIKit.framework */ = {isa = PBXFileReference; lastKnownFileType = wrapper.framework; name = UIKit.framework; path = System/Library/Frameworks/UIKit.framework; sourceTree = SDKROOT; };
		68A9CD1D1A65015F003D09E4 /* XCTest.framework */ = {isa = PBXFileReference; lastKnownFileType = wrapper.framework; name = XCTest.framework; path = Library/Frameworks/XCTest.framework; sourceTree = DEVELOPER_DIR; };
		68A9CD411A65546D003D09E4 /* AddressBook.framework */ = {isa = PBXFileReference; lastKnownFileType = wrapper.framework; name = AddressBook.framework; path = System/Library/Frameworks/AddressBook.framework; sourceTree = SDKROOT; };
		68A9CD421A65546D003D09E4 /* AssetsLibrary.framework */ = {isa = PBXFileReference; lastKnownFileType = wrapper.framework; name = AssetsLibrary.framework; path = System/Library/Frameworks/AssetsLibrary.framework; sourceTree = SDKROOT; };
		68A9CD431A65546D003D09E4 /* CoreLocation.framework */ = {isa = PBXFileReference; lastKnownFileType = wrapper.framework; name = CoreLocation.framework; path = System/Library/Frameworks/CoreLocation.framework; sourceTree = SDKROOT; };
		68A9CD441A65546D003D09E4 /* CoreMotion.framework */ = {isa = PBXFileReference; lastKnownFileType = wrapper.framework; name = CoreMotion.framework; path = System/Library/Frameworks/CoreMotion.framework; sourceTree = SDKROOT; };
		68A9CD451A65546D003D09E4 /* CoreText.framework */ = {isa = PBXFileReference; lastKnownFileType = wrapper.framework; name = CoreText.framework; path = System/Library/Frameworks/CoreText.framework; sourceTree = SDKROOT; };
		68A9CD461A65546D003D09E4 /* MediaPlayer.framework */ = {isa = PBXFileReference; lastKnownFileType = wrapper.framework; name = MediaPlayer.framework; path = System/Library/Frameworks/MediaPlayer.framework; sourceTree = SDKROOT; };
		68A9CD471A65546D003D09E4 /* MessageUI.framework */ = {isa = PBXFileReference; lastKnownFileType = wrapper.framework; name = MessageUI.framework; path = System/Library/Frameworks/MessageUI.framework; sourceTree = SDKROOT; };
		68A9CD481A65546D003D09E4 /* MobileCoreServices.framework */ = {isa = PBXFileReference; lastKnownFileType = wrapper.framework; name = MobileCoreServices.framework; path = System/Library/Frameworks/MobileCoreServices.framework; sourceTree = SDKROOT; };
		68A9CD491A65546D003D09E4 /* QuartzCore.framework */ = {isa = PBXFileReference; lastKnownFileType = wrapper.framework; name = QuartzCore.framework; path = System/Library/Frameworks/QuartzCore.framework; sourceTree = SDKROOT; };
		68A9CD4A1A65546E003D09E4 /* Security.framework */ = {isa = PBXFileReference; lastKnownFileType = wrapper.framework; name = Security.framework; path = System/Library/Frameworks/Security.framework; sourceTree = SDKROOT; };
		68A9CD4B1A65546E003D09E4 /* SystemConfiguration.framework */ = {isa = PBXFileReference; lastKnownFileType = wrapper.framework; name = SystemConfiguration.framework; path = System/Library/Frameworks/SystemConfiguration.framework; sourceTree = SDKROOT; };
		68C03A751A95B25600555891 /* AppDelegate.h */ = {isa = PBXFileReference; fileEncoding = 4; lastKnownFileType = sourcecode.c.h; path = AppDelegate.h; sourceTree = "<group>"; };
		68C03A761A95B25600555891 /* AppDelegate.m */ = {isa = PBXFileReference; fileEncoding = 4; lastKnownFileType = sourcecode.c.objc; path = AppDelegate.m; sourceTree = "<group>"; };
		68C03A781A95B25600555891 /* Base */ = {isa = PBXFileReference; lastKnownFileType = file.storyboard; name = Base; path = Base.lproj/Main_iPad.storyboard; sourceTree = "<group>"; };
		68C03A7A1A95B25600555891 /* Base */ = {isa = PBXFileReference; lastKnownFileType = file.storyboard; name = Base; path = Base.lproj/Main_iPhone.storyboard; sourceTree = "<group>"; };
		68C03A7C1A95B25600555891 /* Co\Lab -Prefix.pch */ = {isa = PBXFileReference; fileEncoding = 4; lastKnownFileType = sourcecode.c.h; path = "Co\\Lab -Prefix.pch"; sourceTree = "<group>"; };
		68C03A7E1A95B25600555891 /* en */ = {isa = PBXFileReference; lastKnownFileType = text.plist.strings; name = en; path = en.lproj/InfoPlist.strings; sourceTree = "<group>"; };
		68C03A7F1A95B25600555891 /* Images.xcassets */ = {isa = PBXFileReference; lastKnownFileType = folder.assetcatalog; path = Images.xcassets; sourceTree = "<group>"; };
		68C03A801A95B25600555891 /* main.m */ = {isa = PBXFileReference; fileEncoding = 4; lastKnownFileType = sourcecode.c.objc; path = main.m; sourceTree = "<group>"; };
		68C03A9A1A95B89500555891 /* Co\Lab -Info.plist */ = {isa = PBXFileReference; lastKnownFileType = text.plist.xml; path = "Co\\Lab -Info.plist"; sourceTree = "<group>"; };
		68C03AA71A95C18400555891 /* libPods-AFNetworking.a */ = {isa = PBXFileReference; lastKnownFileType = archive.ar; name = "libPods-AFNetworking.a"; path = "Pods/build/Debug-iphoneos/libPods-AFNetworking.a"; sourceTree = "<group>"; };
		68C03AA81A95C18400555891 /* libPods-google-plus-ios-sdk.a */ = {isa = PBXFileReference; lastKnownFileType = archive.ar; name = "libPods-google-plus-ios-sdk.a"; path = "Pods/build/Debug-iphoneos/libPods-google-plus-ios-sdk.a"; sourceTree = "<group>"; };
		68C03AA91A95C18400555891 /* libPods-MBProgressHUD.a */ = {isa = PBXFileReference; lastKnownFileType = archive.ar; name = "libPods-MBProgressHUD.a"; path = "Pods/build/Debug-iphoneos/libPods-MBProgressHUD.a"; sourceTree = "<group>"; };
		68CC904D1AA5A8C300F3CB48 /* UIColor+PPColor.h */ = {isa = PBXFileReference; fileEncoding = 4; lastKnownFileType = sourcecode.c.h; path = "UIColor+PPColor.h"; sourceTree = "<group>"; };
		68CC904E1AA5A8C300F3CB48 /* UIColor+PPColor.m */ = {isa = PBXFileReference; fileEncoding = 4; lastKnownFileType = sourcecode.c.objc; path = "UIColor+PPColor.m"; sourceTree = "<group>"; };
		68CC90501AA5A8C300F3CB48 /* CoLabListViewController.h */ = {isa = PBXFileReference; fileEncoding = 4; lastKnownFileType = sourcecode.c.h; path = CoLabListViewController.h; sourceTree = "<group>"; };
		68CC90511AA5A8C300F3CB48 /* CoLabListViewController.m */ = {isa = PBXFileReference; fileEncoding = 4; lastKnownFileType = sourcecode.c.objc; path = CoLabListViewController.m; sourceTree = "<group>"; };
		68CC90521AA5A8C300F3CB48 /* CreateIdea_BriefViewController.h */ = {isa = PBXFileReference; fileEncoding = 4; lastKnownFileType = sourcecode.c.h; path = CreateIdea_BriefViewController.h; sourceTree = "<group>"; };
		68CC90531AA5A8C300F3CB48 /* CreateIdea_BriefViewController.m */ = {isa = PBXFileReference; fileEncoding = 4; lastKnownFileType = sourcecode.c.objc; path = CreateIdea_BriefViewController.m; sourceTree = "<group>"; };
		68CC90541AA5A8C300F3CB48 /* ExpendableTableViewController.h */ = {isa = PBXFileReference; fileEncoding = 4; lastKnownFileType = sourcecode.c.h; path = ExpendableTableViewController.h; sourceTree = "<group>"; };
		68CC90551AA5A8C300F3CB48 /* ExpendableTableViewController.m */ = {isa = PBXFileReference; fileEncoding = 4; lastKnownFileType = sourcecode.c.objc; path = ExpendableTableViewController.m; sourceTree = "<group>"; };
		68CC90561AA5A8C300F3CB48 /* HomeViewController.h */ = {isa = PBXFileReference; fileEncoding = 4; lastKnownFileType = sourcecode.c.h; path = HomeViewController.h; sourceTree = "<group>"; };
		68CC90571AA5A8C300F3CB48 /* HomeViewController.m */ = {isa = PBXFileReference; fileEncoding = 4; lastKnownFileType = sourcecode.c.objc; path = HomeViewController.m; sourceTree = "<group>"; };
		68CC90581AA5A8C300F3CB48 /* LoginViewController.h */ = {isa = PBXFileReference; fileEncoding = 4; lastKnownFileType = sourcecode.c.h; path = LoginViewController.h; sourceTree = "<group>"; };
		68CC90591AA5A8C300F3CB48 /* LoginViewController.m */ = {isa = PBXFileReference; fileEncoding = 4; lastKnownFileType = sourcecode.c.objc; path = LoginViewController.m; sourceTree = "<group>"; };
		68CC905A1AA5A8C300F3CB48 /* ProfileViewController.h */ = {isa = PBXFileReference; fileEncoding = 4; lastKnownFileType = sourcecode.c.h; path = ProfileViewController.h; sourceTree = "<group>"; };
		68CC905B1AA5A8C300F3CB48 /* ProfileViewController.m */ = {isa = PBXFileReference; fileEncoding = 4; lastKnownFileType = sourcecode.c.objc; path = ProfileViewController.m; sourceTree = "<group>"; };
		68CC905C1AA5A8C300F3CB48 /* SearchViewController.h */ = {isa = PBXFileReference; fileEncoding = 4; lastKnownFileType = sourcecode.c.h; path = SearchViewController.h; sourceTree = "<group>"; };
		68CC905D1AA5A8C300F3CB48 /* SearchViewController.m */ = {isa = PBXFileReference; fileEncoding = 4; lastKnownFileType = sourcecode.c.objc; path = SearchViewController.m; sourceTree = "<group>"; };
		68CC90C31AA5A8E300F3CB48 /* HVTableView.h */ = {isa = PBXFileReference; fileEncoding = 4; lastKnownFileType = sourcecode.c.h; path = HVTableView.h; sourceTree = "<group>"; };
		68CC90C41AA5A8E300F3CB48 /* HVTableView.m */ = {isa = PBXFileReference; fileEncoding = 4; lastKnownFileType = sourcecode.c.objc; path = HVTableView.m; sourceTree = "<group>"; };
		68CC90C51AA5A8E300F3CB48 /* LatestIBCell.h */ = {isa = PBXFileReference; fileEncoding = 4; lastKnownFileType = sourcecode.c.h; path = LatestIBCell.h; sourceTree = "<group>"; };
		68CC90C61AA5A8E300F3CB48 /* LatestIBCell.m */ = {isa = PBXFileReference; fileEncoding = 4; lastKnownFileType = sourcecode.c.objc; path = LatestIBCell.m; sourceTree = "<group>"; };
		68CC90C71AA5A8E300F3CB48 /* NoteView.h */ = {isa = PBXFileReference; fileEncoding = 4; lastKnownFileType = sourcecode.c.h; path = NoteView.h; sourceTree = "<group>"; };
		68CC90C81AA5A8E300F3CB48 /* NoteView.m */ = {isa = PBXFileReference; fileEncoding = 4; lastKnownFileType = sourcecode.c.objc; path = NoteView.m; sourceTree = "<group>"; };
		68CC90C91AA5A8E300F3CB48 /* OverlayView.h */ = {isa = PBXFileReference; fileEncoding = 4; lastKnownFileType = sourcecode.c.h; path = OverlayView.h; sourceTree = "<group>"; };
		68CC90CA1AA5A8E300F3CB48 /* OverlayView.m */ = {isa = PBXFileReference; fileEncoding = 4; lastKnownFileType = sourcecode.c.objc; path = OverlayView.m; sourceTree = "<group>"; };
		68CC90CB1AA5A8E300F3CB48 /* PPUtilts.h */ = {isa = PBXFileReference; fileEncoding = 4; lastKnownFileType = sourcecode.c.h; path = PPUtilts.h; sourceTree = "<group>"; };
		68CC90CC1AA5A8E300F3CB48 /* PPUtilts.m */ = {isa = PBXFileReference; fileEncoding = 4; lastKnownFileType = sourcecode.c.objc; path = PPUtilts.m; sourceTree = "<group>"; };
		68CC90CE1AA5A8E300F3CB48 /* CoLabListViewController.xib */ = {isa = PBXFileReference; fileEncoding = 4; lastKnownFileType = file.xib; path = CoLabListViewController.xib; sourceTree = "<group>"; };
		68CC90CF1AA5A8E300F3CB48 /* CreateIdea_BriefViewController.xib */ = {isa = PBXFileReference; fileEncoding = 4; lastKnownFileType = file.xib; path = CreateIdea_BriefViewController.xib; sourceTree = "<group>"; };
		68CC90D01AA5A8E300F3CB48 /* ExpendableTableViewController.xib */ = {isa = PBXFileReference; fileEncoding = 4; lastKnownFileType = file.xib; path = ExpendableTableViewController.xib; sourceTree = "<group>"; };
		68CC90D11AA5A8E300F3CB48 /* HomeViewController.xib */ = {isa = PBXFileReference; fileEncoding = 4; lastKnownFileType = file.xib; path = HomeViewController.xib; sourceTree = "<group>"; };
		68CC90D21AA5A8E300F3CB48 /* LatestIBCell.xib */ = {isa = PBXFileReference; fileEncoding = 4; lastKnownFileType = file.xib; path = LatestIBCell.xib; sourceTree = "<group>"; };
		68CC90D31AA5A8E300F3CB48 /* LoginViewController.xib */ = {isa = PBXFileReference; fileEncoding = 4; lastKnownFileType = file.xib; path = LoginViewController.xib; sourceTree = "<group>"; };
		68CC90D41AA5A8E300F3CB48 /* ProfileViewController.xib */ = {isa = PBXFileReference; fileEncoding = 4; lastKnownFileType = file.xib; path = ProfileViewController.xib; sourceTree = "<group>"; };
		68CC90D51AA5A8E300F3CB48 /* SearchViewController.xib */ = {isa = PBXFileReference; fileEncoding = 4; lastKnownFileType = file.xib; path = SearchViewController.xib; sourceTree = "<group>"; };
		68CC90E51AA5AA3100F3CB48 /* 100x100.png */ = {isa = PBXFileReference; lastKnownFileType = image.png; path = 100x100.png; sourceTree = "<group>"; };
		68CC90E61AA5AA3100F3CB48 /* 114x114.png */ = {isa = PBXFileReference; lastKnownFileType = image.png; path = 114x114.png; sourceTree = "<group>"; };
		68CC90E71AA5AA3100F3CB48 /* 120x120.png */ = {isa = PBXFileReference; lastKnownFileType = image.png; path = 120x120.png; sourceTree = "<group>"; };
		68CC90E81AA5AA3100F3CB48 /* 144x144.png */ = {isa = PBXFileReference; lastKnownFileType = image.png; path = 144x144.png; sourceTree = "<group>"; };
		68CC90E91AA5AA3100F3CB48 /* 152x152.png */ = {isa = PBXFileReference; lastKnownFileType = image.png; path = 152x152.png; sourceTree = "<group>"; };
		68CC90EA1AA5AA3100F3CB48 /* 180x180.png */ = {isa = PBXFileReference; lastKnownFileType = image.png; path = 180x180.png; sourceTree = "<group>"; };
		68CC90EB1AA5AA3100F3CB48 /* 29x29.png */ = {isa = PBXFileReference; lastKnownFileType = image.png; path = 29x29.png; sourceTree = "<group>"; };
		68CC90EC1AA5AA3100F3CB48 /* 40x40.png */ = {isa = PBXFileReference; lastKnownFileType = image.png; path = 40x40.png; sourceTree = "<group>"; };
		68CC90ED1AA5AA3100F3CB48 /* 50x50.png */ = {isa = PBXFileReference; lastKnownFileType = image.png; path = 50x50.png; sourceTree = "<group>"; };
		68CC90EE1AA5AA3100F3CB48 /* 57x57.png */ = {isa = PBXFileReference; lastKnownFileType = image.png; path = 57x57.png; sourceTree = "<group>"; };
		68CC90EF1AA5AA3100F3CB48 /* 58x58.png */ = {isa = PBXFileReference; lastKnownFileType = image.png; path = 58x58.png; sourceTree = "<group>"; };
		68CC90F01AA5AA3100F3CB48 /* 72x72.png */ = {isa = PBXFileReference; lastKnownFileType = image.png; path = 72x72.png; sourceTree = "<group>"; };
		68CC90F11AA5AA3100F3CB48 /* 76x76.png */ = {isa = PBXFileReference; lastKnownFileType = image.png; path = 76x76.png; sourceTree = "<group>"; };
		68CC90F21AA5AA3100F3CB48 /* 80x80.png */ = {isa = PBXFileReference; lastKnownFileType = image.png; path = 80x80.png; sourceTree = "<group>"; };
		68CC90F31AA5AA3100F3CB48 /* 87*87.png */ = {isa = PBXFileReference; lastKnownFileType = image.png; path = "87*87.png"; sourceTree = "<group>"; };
		68CC90F41AA5AA3100F3CB48 /* CoAppImage.png */ = {isa = PBXFileReference; lastKnownFileType = image.png; path = CoAppImage.png; sourceTree = "<group>"; };
		68CC90F51AA5AA3100F3CB48 /* CoAppImage@2x.png */ = {isa = PBXFileReference; lastKnownFileType = image.png; path = "CoAppImage@2x.png"; sourceTree = "<group>"; };
		68CC90F61AA5AA3100F3CB48 /* CoAppImage@3x.png */ = {isa = PBXFileReference; lastKnownFileType = image.png; path = "CoAppImage@3x.png"; sourceTree = "<group>"; };
		68CC90F81AA5AA3100F3CB48 /* answer_brief.png */ = {isa = PBXFileReference; lastKnownFileType = image.png; path = answer_brief.png; sourceTree = "<group>"; };
		68CC90F91AA5AA3100F3CB48 /* Attachment_Image.png */ = {isa = PBXFileReference; lastKnownFileType = image.png; path = Attachment_Image.png; sourceTree = "<group>"; };
		68CC90FA1AA5AA3100F3CB48 /* ChooseAPhoto.png */ = {isa = PBXFileReference; lastKnownFileType = image.png; path = ChooseAPhoto.png; sourceTree = "<group>"; };
		68CC90FB1AA5AA3100F3CB48 /* Close.png */ = {isa = PBXFileReference; lastKnownFileType = image.png; path = Close.png; sourceTree = "<group>"; };
		68CC90FC1AA5AA3100F3CB48 /* Close_Image.png */ = {isa = PBXFileReference; lastKnownFileType = image.png; path = Close_Image.png; sourceTree = "<group>"; };
		68CC90FD1AA5AA3100F3CB48 /* Create_New_Brief_Image.png */ = {isa = PBXFileReference; lastKnownFileType = image.png; path = Create_New_Brief_Image.png; sourceTree = "<group>"; };
		68CC90FE1AA5AA3100F3CB48 /* Create_New_Idea_Image.png */ = {isa = PBXFileReference; lastKnownFileType = image.png; path = Create_New_Idea_Image.png; sourceTree = "<group>"; };
		68CC90FF1AA5AA3100F3CB48 /* createnewidea.png */ = {isa = PBXFileReference; lastKnownFileType = image.png; path = createnewidea.png; sourceTree = "<group>"; };
		68CC91001AA5AA3100F3CB48 /* found.png */ = {isa = PBXFileReference; lastKnownFileType = image.png; path = found.png; sourceTree = "<group>"; };
		68CC91011AA5AA3100F3CB48 /* Google_Login_ButtonImage.png */ = {isa = PBXFileReference; lastKnownFileType = image.png; path = Google_Login_ButtonImage.png; sourceTree = "<group>"; };
		68CC91021AA5AA3100F3CB48 /* hot_icon.png */ = {isa = PBXFileReference; lastKnownFileType = image.png; path = hot_icon.png; sourceTree = "<group>"; };
		68CC91031AA5AA3100F3CB48 /* Latest_Idea_And_Briefs.png */ = {isa = PBXFileReference; lastKnownFileType = image.png; path = Latest_Idea_And_Briefs.png; sourceTree = "<group>"; };
		68CC91041AA5AA3100F3CB48 /* line.png */ = {isa = PBXFileReference; lastKnownFileType = image.png; path = line.png; sourceTree = "<group>"; };
		68CC91051AA5AA3100F3CB48 /* newbreif.png */ = {isa = PBXFileReference; lastKnownFileType = image.png; path = newbreif.png; sourceTree = "<group>"; };
		68CC91061AA5AA3100F3CB48 /* Next_Image.png */ = {isa = PBXFileReference; lastKnownFileType = image.png; path = Next_Image.png; sourceTree = "<group>"; };
		68CC91071AA5AA3100F3CB48 /* plus.png */ = {isa = PBXFileReference; lastKnownFileType = image.png; path = plus.png; sourceTree = "<group>"; };
		68CC91081AA5AA3100F3CB48 /* Profile_Image.png */ = {isa = PBXFileReference; lastKnownFileType = image.png; path = Profile_Image.png; sourceTree = "<group>"; };
		68CC91091AA5AA3100F3CB48 /* s1.png */ = {isa = PBXFileReference; lastKnownFileType = image.png; path = s1.png; sourceTree = "<group>"; };
		68CC910A1AA5AA3100F3CB48 /* Search_Image.png */ = {isa = PBXFileReference; lastKnownFileType = image.png; path = Search_Image.png; sourceTree = "<group>"; };
		68CC910B1AA5AA3100F3CB48 /* TakeAPhoto.png */ = {isa = PBXFileReference; lastKnownFileType = image.png; path = TakeAPhoto.png; sourceTree = "<group>"; };
		68CC910C1AA5AA3100F3CB48 /* white_arrow.png */ = {isa = PBXFileReference; lastKnownFileType = image.png; path = white_arrow.png; sourceTree = "<group>"; };
		68CC910E1AA5AA3100F3CB48 /* 1242x2208.png */ = {isa = PBXFileReference; lastKnownFileType = image.png; path = 1242x2208.png; sourceTree = "<group>"; };
		68CC910F1AA5AA3100F3CB48 /* 320*480.png */ = {isa = PBXFileReference; lastKnownFileType = image.png; path = "320*480.png"; sourceTree = "<group>"; };
		68CC91101AA5AA3100F3CB48 /* 640x1136.png */ = {isa = PBXFileReference; lastKnownFileType = image.png; path = 640x1136.png; sourceTree = "<group>"; };
		68CC91111AA5AA3100F3CB48 /* 640x960.png */ = {isa = PBXFileReference; lastKnownFileType = image.png; path = 640x960.png; sourceTree = "<group>"; };
		68CC91121AA5AA3100F3CB48 /* 750x1334.png */ = {isa = PBXFileReference; lastKnownFileType = image.png; path = 750x1334.png; sourceTree = "<group>"; };
		A3E4C55BDE693B1621293BE5 /* libPods.a */ = {isa = PBXFileReference; explicitFileType = archive.ar; includeInIndex = 0; path = libPods.a; sourceTree = BUILT_PRODUCTS_DIR; };
		A739DB4F0CFEB3728BAA7FCF /* Pods.debug.xcconfig */ = {isa = PBXFileReference; includeInIndex = 1; lastKnownFileType = text.xcconfig; name = Pods.debug.xcconfig; path = "Pods/Target Support Files/Pods/Pods.debug.xcconfig"; sourceTree = "<group>"; };
		C581BD758B19368361C3647D /* Pods.release.xcconfig */ = {isa = PBXFileReference; includeInIndex = 1; lastKnownFileType = text.xcconfig; name = Pods.release.xcconfig; path = "Pods/Target Support Files/Pods/Pods.release.xcconfig"; sourceTree = "<group>"; };
/* End PBXFileReference section */

/* Begin PBXFrameworksBuildPhase section */
		68A9CCF51A65015F003D09E4 /* Frameworks */ = {
			isa = PBXFrameworksBuildPhase;
			buildActionMask = 2147483647;
			files = (
				68A9CD4C1A65546E003D09E4 /* AddressBook.framework in Frameworks */,
				68A9CD4D1A65546E003D09E4 /* AssetsLibrary.framework in Frameworks */,
				68A9CD4E1A65546E003D09E4 /* CoreLocation.framework in Frameworks */,
				68A9CD4F1A65546E003D09E4 /* CoreMotion.framework in Frameworks */,
				68A9CD501A65546E003D09E4 /* CoreText.framework in Frameworks */,
				68A9CD511A65546E003D09E4 /* MediaPlayer.framework in Frameworks */,
				68A9CD521A65546E003D09E4 /* MessageUI.framework in Frameworks */,
				68A9CD531A65546E003D09E4 /* MobileCoreServices.framework in Frameworks */,
				68A9CD541A65546E003D09E4 /* QuartzCore.framework in Frameworks */,
				68A9CD551A65546E003D09E4 /* Security.framework in Frameworks */,
				68A9CD561A65546E003D09E4 /* SystemConfiguration.framework in Frameworks */,
				68A9CCFE1A65015F003D09E4 /* CoreGraphics.framework in Frameworks */,
				68A9CD001A65015F003D09E4 /* UIKit.framework in Frameworks */,
				68A9CCFC1A65015F003D09E4 /* Foundation.framework in Frameworks */,
				C7DBB8057AB49057AB7C06EF /* libPods.a in Frameworks */,
			);
			runOnlyForDeploymentPostprocessing = 0;
		};
/* End PBXFrameworksBuildPhase section */

/* Begin PBXGroup section */
		2E5A463D3F971ECF136598ED /* Pods */ = {
			isa = PBXGroup;
			children = (
				A739DB4F0CFEB3728BAA7FCF /* Pods.debug.xcconfig */,
				C581BD758B19368361C3647D /* Pods.release.xcconfig */,
			);
			name = Pods;
			sourceTree = "<group>";
		};
		68A9CCEF1A65015F003D09E4 = {
			isa = PBXGroup;
			children = (
				68CC913F1AA5AB0B00F3CB48 /* Models */,
				68CC90E31AA5AA3100F3CB48 /* Images */,
				68CC90C21AA5A8E300F3CB48 /* PPUtilts */,
				68CC90CD1AA5A8E300F3CB48 /* Xib */,
				68CC904C1AA5A8C300F3CB48 /* Categories */,
				68CC904F1AA5A8C300F3CB48 /* Controller */,
				68A9CCFA1A65015F003D09E4 /* Frameworks */,
				68C03A741A95B25600555891 /* Co\Lab */,
				68A9CCF91A65015F003D09E4 /* Products */,
				2E5A463D3F971ECF136598ED /* Pods */,
			);
			sourceTree = "<group>";
		};
		68A9CCF91A65015F003D09E4 /* Products */ = {
			isa = PBXGroup;
			children = (
				68A9CCF81A65015F003D09E4 /* Co\Lab .app */,
			);
			name = Products;
			sourceTree = "<group>";
		};
		68A9CCFA1A65015F003D09E4 /* Frameworks */ = {
			isa = PBXGroup;
			children = (
				68C03AA71A95C18400555891 /* libPods-AFNetworking.a */,
				68C03AA81A95C18400555891 /* libPods-google-plus-ios-sdk.a */,
				68C03AA91A95C18400555891 /* libPods-MBProgressHUD.a */,
				68A9CD411A65546D003D09E4 /* AddressBook.framework */,
				68A9CD421A65546D003D09E4 /* AssetsLibrary.framework */,
				68A9CD431A65546D003D09E4 /* CoreLocation.framework */,
				68A9CD441A65546D003D09E4 /* CoreMotion.framework */,
				68A9CD451A65546D003D09E4 /* CoreText.framework */,
				68A9CD461A65546D003D09E4 /* MediaPlayer.framework */,
				68A9CD471A65546D003D09E4 /* MessageUI.framework */,
				68A9CD481A65546D003D09E4 /* MobileCoreServices.framework */,
				68A9CD491A65546D003D09E4 /* QuartzCore.framework */,
				68A9CD4A1A65546E003D09E4 /* Security.framework */,
				68A9CD4B1A65546E003D09E4 /* SystemConfiguration.framework */,
				68A9CCFB1A65015F003D09E4 /* Foundation.framework */,
				68A9CCFD1A65015F003D09E4 /* CoreGraphics.framework */,
				68A9CCFF1A65015F003D09E4 /* UIKit.framework */,
				68A9CD1D1A65015F003D09E4 /* XCTest.framework */,
				A3E4C55BDE693B1621293BE5 /* libPods.a */,
			);
			name = Frameworks;
			sourceTree = "<group>";
		};
		68C03A741A95B25600555891 /* Co\Lab */ = {
			isa = PBXGroup;
			children = (
				68C03A9A1A95B89500555891 /* Co\Lab -Info.plist */,
				68C03A751A95B25600555891 /* AppDelegate.h */,
				68C03A761A95B25600555891 /* AppDelegate.m */,
				68C03A771A95B25600555891 /* Main_iPad.storyboard */,
				68C03A791A95B25600555891 /* Main_iPhone.storyboard */,
				68C03A7C1A95B25600555891 /* Co\Lab -Prefix.pch */,
				68C03A7D1A95B25600555891 /* InfoPlist.strings */,
				68C03A7F1A95B25600555891 /* Images.xcassets */,
				68C03A801A95B25600555891 /* main.m */,
			);
			path = "Co\\Lab";
			sourceTree = "<group>";
		};
		68CC904C1AA5A8C300F3CB48 /* Categories */ = {
			isa = PBXGroup;
			children = (
				68CC904D1AA5A8C300F3CB48 /* UIColor+PPColor.h */,
				68CC904E1AA5A8C300F3CB48 /* UIColor+PPColor.m */,
			);
			path = Categories;
			sourceTree = "<group>";
		};
		68CC904F1AA5A8C300F3CB48 /* Controller */ = {
			isa = PBXGroup;
			children = (
				68CC90501AA5A8C300F3CB48 /* CoLabListViewController.h */,
				68CC90511AA5A8C300F3CB48 /* CoLabListViewController.m */,
				68CC90521AA5A8C300F3CB48 /* CreateIdea_BriefViewController.h */,
				68CC90531AA5A8C300F3CB48 /* CreateIdea_BriefViewController.m */,
				68CC90541AA5A8C300F3CB48 /* ExpendableTableViewController.h */,
				68CC90551AA5A8C300F3CB48 /* ExpendableTableViewController.m */,
				68CC90561AA5A8C300F3CB48 /* HomeViewController.h */,
				68CC90571AA5A8C300F3CB48 /* HomeViewController.m */,
				68CC90581AA5A8C300F3CB48 /* LoginViewController.h */,
				68CC90591AA5A8C300F3CB48 /* LoginViewController.m */,
				68CC905A1AA5A8C300F3CB48 /* ProfileViewController.h */,
				68CC905B1AA5A8C300F3CB48 /* ProfileViewController.m */,
				68CC905C1AA5A8C300F3CB48 /* SearchViewController.h */,
				68CC905D1AA5A8C300F3CB48 /* SearchViewController.m */,
			);
			path = Controller;
			sourceTree = "<group>";
		};
		68CC90C21AA5A8E300F3CB48 /* PPUtilts */ = {
			isa = PBXGroup;
			children = (
				68CC90C31AA5A8E300F3CB48 /* HVTableView.h */,
				68CC90C41AA5A8E300F3CB48 /* HVTableView.m */,
				68CC90C51AA5A8E300F3CB48 /* LatestIBCell.h */,
				68CC90C61AA5A8E300F3CB48 /* LatestIBCell.m */,
				68CC90C71AA5A8E300F3CB48 /* NoteView.h */,
				68CC90C81AA5A8E300F3CB48 /* NoteView.m */,
				68CC90C91AA5A8E300F3CB48 /* OverlayView.h */,
				68CC90CA1AA5A8E300F3CB48 /* OverlayView.m */,
				68CC90CB1AA5A8E300F3CB48 /* PPUtilts.h */,
				68CC90CC1AA5A8E300F3CB48 /* PPUtilts.m */,
			);
			path = PPUtilts;
			sourceTree = "<group>";
		};
		68CC90CD1AA5A8E300F3CB48 /* Xib */ = {
			isa = PBXGroup;
			children = (
				68CC90CE1AA5A8E300F3CB48 /* CoLabListViewController.xib */,
				68CC90CF1AA5A8E300F3CB48 /* CreateIdea_BriefViewController.xib */,
				68CC90D01AA5A8E300F3CB48 /* ExpendableTableViewController.xib */,
				68CC90D11AA5A8E300F3CB48 /* HomeViewController.xib */,
				68CC90D21AA5A8E300F3CB48 /* LatestIBCell.xib */,
				68CC90D31AA5A8E300F3CB48 /* LoginViewController.xib */,
				68CC90D41AA5A8E300F3CB48 /* ProfileViewController.xib */,
				68CC90D51AA5A8E300F3CB48 /* SearchViewController.xib */,
			);
			path = Xib;
			sourceTree = "<group>";
		};
		68CC90E31AA5AA3100F3CB48 /* Images */ = {
			isa = PBXGroup;
			children = (
				68CC90E41AA5AA3100F3CB48 /* AppIcon */,
				68CC90F71AA5AA3100F3CB48 /* Buttons */,
				68CC910D1AA5AA3100F3CB48 /* SplashScreen */,
			);
			path = Images;
			sourceTree = "<group>";
		};
		68CC90E41AA5AA3100F3CB48 /* AppIcon */ = {
			isa = PBXGroup;
			children = (
				68CC90E51AA5AA3100F3CB48 /* 100x100.png */,
				68CC90E61AA5AA3100F3CB48 /* 114x114.png */,
				68CC90E71AA5AA3100F3CB48 /* 120x120.png */,
				68CC90E81AA5AA3100F3CB48 /* 144x144.png */,
				68CC90E91AA5AA3100F3CB48 /* 152x152.png */,
				68CC90EA1AA5AA3100F3CB48 /* 180x180.png */,
				68CC90EB1AA5AA3100F3CB48 /* 29x29.png */,
				68CC90EC1AA5AA3100F3CB48 /* 40x40.png */,
				68CC90ED1AA5AA3100F3CB48 /* 50x50.png */,
				68CC90EE1AA5AA3100F3CB48 /* 57x57.png */,
				68CC90EF1AA5AA3100F3CB48 /* 58x58.png */,
				68CC90F01AA5AA3100F3CB48 /* 72x72.png */,
				68CC90F11AA5AA3100F3CB48 /* 76x76.png */,
				68CC90F21AA5AA3100F3CB48 /* 80x80.png */,
				68CC90F31AA5AA3100F3CB48 /* 87*87.png */,
				68CC90F41AA5AA3100F3CB48 /* CoAppImage.png */,
				68CC90F51AA5AA3100F3CB48 /* CoAppImage@2x.png */,
				68CC90F61AA5AA3100F3CB48 /* CoAppImage@3x.png */,
			);
			path = AppIcon;
			sourceTree = "<group>";
		};
		68CC90F71AA5AA3100F3CB48 /* Buttons */ = {
			isa = PBXGroup;
			children = (
				68CC90F81AA5AA3100F3CB48 /* answer_brief.png */,
				68CC90F91AA5AA3100F3CB48 /* Attachment_Image.png */,
				68CC90FA1AA5AA3100F3CB48 /* ChooseAPhoto.png */,
				68CC90FB1AA5AA3100F3CB48 /* Close.png */,
				68CC90FC1AA5AA3100F3CB48 /* Close_Image.png */,
				68CC90FD1AA5AA3100F3CB48 /* Create_New_Brief_Image.png */,
				68CC90FE1AA5AA3100F3CB48 /* Create_New_Idea_Image.png */,
				68CC90FF1AA5AA3100F3CB48 /* createnewidea.png */,
				68CC91001AA5AA3100F3CB48 /* found.png */,
				68CC91011AA5AA3100F3CB48 /* Google_Login_ButtonImage.png */,
				68CC91021AA5AA3100F3CB48 /* hot_icon.png */,
				68CC91031AA5AA3100F3CB48 /* Latest_Idea_And_Briefs.png */,
				68CC91041AA5AA3100F3CB48 /* line.png */,
				68CC91051AA5AA3100F3CB48 /* newbreif.png */,
				68CC91061AA5AA3100F3CB48 /* Next_Image.png */,
				68CC91071AA5AA3100F3CB48 /* plus.png */,
				68CC91081AA5AA3100F3CB48 /* Profile_Image.png */,
				68CC91091AA5AA3100F3CB48 /* s1.png */,
				68CC910A1AA5AA3100F3CB48 /* Search_Image.png */,
				68CC910B1AA5AA3100F3CB48 /* TakeAPhoto.png */,
				68CC910C1AA5AA3100F3CB48 /* white_arrow.png */,
			);
			path = Buttons;
			sourceTree = "<group>";
		};
		68CC910D1AA5AA3100F3CB48 /* SplashScreen */ = {
			isa = PBXGroup;
			children = (
				68CC910E1AA5AA3100F3CB48 /* 1242x2208.png */,
				68CC910F1AA5AA3100F3CB48 /* 320*480.png */,
				68CC91101AA5AA3100F3CB48 /* 640x1136.png */,
				68CC91111AA5AA3100F3CB48 /* 640x960.png */,
				68CC91121AA5AA3100F3CB48 /* 750x1334.png */,
			);
			path = SplashScreen;
			sourceTree = "<group>";
		};
		68CC913F1AA5AB0B00F3CB48 /* Models */ = {
			isa = PBXGroup;
			children = (
			);
			name = Models;
			sourceTree = "<group>";
		};
/* End PBXGroup section */

/* Begin PBXNativeTarget section */
		68A9CCF71A65015F003D09E4 /* Co\Lab  */ = {
			isa = PBXNativeTarget;
			buildConfigurationList = 68A9CD2D1A65015F003D09E4 /* Build configuration list for PBXNativeTarget "Co\Lab " */;
			buildPhases = (
				9C5B77BFDE0939261EE09D37 /* Check Pods Manifest.lock */,
				68A9CCF41A65015F003D09E4 /* Sources */,
				68A9CCF51A65015F003D09E4 /* Frameworks */,
				68A9CCF61A65015F003D09E4 /* Resources */,
				9C6A098A49D4DCEE0381186B /* Copy Pods Resources */,
			);
			buildRules = (
			);
			dependencies = (
			);
			name = "Co\\Lab ";
			productName = iBrief;
			productReference = 68A9CCF81A65015F003D09E4 /* Co\Lab .app */;
			productType = "com.apple.product-type.application";
		};
/* End PBXNativeTarget section */

/* Begin PBXProject section */
		68A9CCF01A65015F003D09E4 /* Project object */ = {
			isa = PBXProject;
			attributes = {
				LastUpgradeCheck = 0610;
				ORGANIZATIONNAME = "Magnon International";
			};
			buildConfigurationList = 68A9CCF31A65015F003D09E4 /* Build configuration list for PBXProject "Co\Lab " */;
			compatibilityVersion = "Xcode 3.2";
			developmentRegion = English;
			hasScannedForEncodings = 0;
			knownRegions = (
				en,
				Base,
			);
			mainGroup = 68A9CCEF1A65015F003D09E4;
			productRefGroup = 68A9CCF91A65015F003D09E4 /* Products */;
			projectDirPath = "";
			projectRoot = "";
			targets = (
				68A9CCF71A65015F003D09E4 /* Co\Lab  */,
			);
		};
/* End PBXProject section */

/* Begin PBXResourcesBuildPhase section */
		68A9CCF61A65015F003D09E4 /* Resources */ = {
			isa = PBXResourcesBuildPhase;
			buildActionMask = 2147483647;
			files = (
				68CC91281AA5AA3100F3CB48 /* Close.png in Resources */,
				68C03A8E1A95B25600555891 /* InfoPlist.strings in Resources */,
				68CC912E1AA5AA3100F3CB48 /* Google_Login_ButtonImage.png in Resources */,
				68CC90E21AA5A8E300F3CB48 /* SearchViewController.xib in Resources */,
				68CC91191AA5AA3100F3CB48 /* 29x29.png in Resources */,
				68CC91141AA5AA3100F3CB48 /* 114x114.png in Resources */,
				68C03A8A1A95B25600555891 /* Main_iPhone.storyboard in Resources */,
				68CC91351AA5AA3100F3CB48 /* Profile_Image.png in Resources */,
				68CC913B1AA5AA3100F3CB48 /* 320*480.png in Resources */,
				68CC90DC1AA5A8E300F3CB48 /* CreateIdea_BriefViewController.xib in Resources */,
				68CC91301AA5AA3100F3CB48 /* Latest_Idea_And_Briefs.png in Resources */,
				68CC91291AA5AA3100F3CB48 /* Close_Image.png in Resources */,
				68CC91251AA5AA3100F3CB48 /* answer_brief.png in Resources */,
				68CC91201AA5AA3100F3CB48 /* 80x80.png in Resources */,
				68CC91361AA5AA3100F3CB48 /* s1.png in Resources */,
				68CC91131AA5AA3100F3CB48 /* 100x100.png in Resources */,
				68CC91341AA5AA3100F3CB48 /* plus.png in Resources */,
				68CC90DB1AA5A8E300F3CB48 /* CoLabListViewController.xib in Resources */,
				68CC912D1AA5AA3100F3CB48 /* found.png in Resources */,
				68CC91151AA5AA3100F3CB48 /* 120x120.png in Resources */,
				68CC91161AA5AA3100F3CB48 /* 144x144.png in Resources */,
				68CC911B1AA5AA3100F3CB48 /* 50x50.png in Resources */,
				68CC90DE1AA5A8E300F3CB48 /* HomeViewController.xib in Resources */,
				68CC91231AA5AA3100F3CB48 /* CoAppImage@2x.png in Resources */,
				68C03A881A95B25600555891 /* Main_iPad.storyboard in Resources */,
				68CC91321AA5AA3100F3CB48 /* newbreif.png in Resources */,
				68CC913D1AA5AA3100F3CB48 /* 640x960.png in Resources */,
				68CC913A1AA5AA3100F3CB48 /* 1242x2208.png in Resources */,
				68CC912B1AA5AA3100F3CB48 /* Create_New_Idea_Image.png in Resources */,
				68C03A901A95B25600555891 /* Images.xcassets in Resources */,
				68CC912F1AA5AA3100F3CB48 /* hot_icon.png in Resources */,
				68CC91221AA5AA3100F3CB48 /* CoAppImage.png in Resources */,
				68CC91261AA5AA3100F3CB48 /* Attachment_Image.png in Resources */,
				68CC91271AA5AA3100F3CB48 /* ChooseAPhoto.png in Resources */,
				68CC91381AA5AA3100F3CB48 /* TakeAPhoto.png in Resources */,
				68CC911E1AA5AA3100F3CB48 /* 72x72.png in Resources */,
				68CC90E11AA5A8E300F3CB48 /* ProfileViewController.xib in Resources */,
				68CC91311AA5AA3100F3CB48 /* line.png in Resources */,
				68CC912C1AA5AA3100F3CB48 /* createnewidea.png in Resources */,
				68CC90DF1AA5A8E300F3CB48 /* LatestIBCell.xib in Resources */,
				68CC911C1AA5AA3100F3CB48 /* 57x57.png in Resources */,
				68CC91171AA5AA3100F3CB48 /* 152x152.png in Resources */,
				68CC911F1AA5AA3100F3CB48 /* 76x76.png in Resources */,
				68CC91211AA5AA3100F3CB48 /* 87*87.png in Resources */,
				68CC911A1AA5AA3100F3CB48 /* 40x40.png in Resources */,
				68CC91241AA5AA3100F3CB48 /* CoAppImage@3x.png in Resources */,
				68CC91331AA5AA3100F3CB48 /* Next_Image.png in Resources */,
				68CC90DD1AA5A8E300F3CB48 /* ExpendableTableViewController.xib in Resources */,
				68CC91181AA5AA3100F3CB48 /* 180x180.png in Resources */,
				68CC913C1AA5AA3100F3CB48 /* 640x1136.png in Resources */,
				68CC90E01AA5A8E300F3CB48 /* LoginViewController.xib in Resources */,
				68CC911D1AA5AA3100F3CB48 /* 58x58.png in Resources */,
				68CC912A1AA5AA3100F3CB48 /* Create_New_Brief_Image.png in Resources */,
				68CC91391AA5AA3100F3CB48 /* white_arrow.png in Resources */,
				68CC913E1AA5AA3100F3CB48 /* 750x1334.png in Resources */,
				68CC91371AA5AA3100F3CB48 /* Search_Image.png in Resources */,
			);
			runOnlyForDeploymentPostprocessing = 0;
		};
/* End PBXResourcesBuildPhase section */

/* Begin PBXShellScriptBuildPhase section */
		9C5B77BFDE0939261EE09D37 /* Check Pods Manifest.lock */ = {
			isa = PBXShellScriptBuildPhase;
			buildActionMask = 2147483647;
			files = (
			);
			inputPaths = (
			);
			name = "Check Pods Manifest.lock";
			outputPaths = (
			);
			runOnlyForDeploymentPostprocessing = 0;
			shellPath = /bin/sh;
			shellScript = "diff \"${PODS_ROOT}/../Podfile.lock\" \"${PODS_ROOT}/Manifest.lock\" > /dev/null\nif [[ $? != 0 ]] ; then\n    cat << EOM\nerror: The sandbox is not in sync with the Podfile.lock. Run 'pod install' or update your CocoaPods installation.\nEOM\n    exit 1\nfi\n";
			showEnvVarsInLog = 0;
		};
		9C6A098A49D4DCEE0381186B /* Copy Pods Resources */ = {
			isa = PBXShellScriptBuildPhase;
			buildActionMask = 2147483647;
			files = (
			);
			inputPaths = (
			);
			name = "Copy Pods Resources";
			outputPaths = (
			);
			runOnlyForDeploymentPostprocessing = 0;
			shellPath = /bin/sh;
			shellScript = "\"${SRCROOT}/Pods/Target Support Files/Pods/Pods-resources.sh\"\n";
			showEnvVarsInLog = 0;
		};
/* End PBXShellScriptBuildPhase section */

/* Begin PBXSourcesBuildPhase section */
		68A9CCF41A65015F003D09E4 /* Sources */ = {
			isa = PBXSourcesBuildPhase;
			buildActionMask = 2147483647;
			files = (
				68CC90931AA5A8C300F3CB48 /* LoginViewController.m in Sources */,
				68CC90941AA5A8C300F3CB48 /* ProfileViewController.m in Sources */,
				68CC90951AA5A8C300F3CB48 /* SearchViewController.m in Sources */,
				68CC90DA1AA5A8E300F3CB48 /* PPUtilts.m in Sources */,
				68CC90D61AA5A8E300F3CB48 /* HVTableView.m in Sources */,
				68CC908F1AA5A8C300F3CB48 /* CoLabListViewController.m in Sources */,
				68CC90D71AA5A8E300F3CB48 /* LatestIBCell.m in Sources */,
				68CC90D81AA5A8E300F3CB48 /* NoteView.m in Sources */,
				68C03A861A95B25600555891 /* AppDelegate.m in Sources */,
				68C03A921A95B25600555891 /* main.m in Sources */,
				68CC90D91AA5A8E300F3CB48 /* OverlayView.m in Sources */,
				68CC90911AA5A8C300F3CB48 /* ExpendableTableViewController.m in Sources */,
				68CC90901AA5A8C300F3CB48 /* CreateIdea_BriefViewController.m in Sources */,
				68CC90921AA5A8C300F3CB48 /* HomeViewController.m in Sources */,
				68CC908E1AA5A8C300F3CB48 /* UIColor+PPColor.m in Sources */,
			);
			runOnlyForDeploymentPostprocessing = 0;
		};
/* End PBXSourcesBuildPhase section */

/* Begin PBXVariantGroup section */
		68C03A771A95B25600555891 /* Main_iPad.storyboard */ = {
			isa = PBXVariantGroup;
			children = (
				68C03A781A95B25600555891 /* Base */,
			);
			name = Main_iPad.storyboard;
			sourceTree = "<group>";
		};
		68C03A791A95B25600555891 /* Main_iPhone.storyboard */ = {
			isa = PBXVariantGroup;
			children = (
				68C03A7A1A95B25600555891 /* Base */,
			);
			name = Main_iPhone.storyboard;
			sourceTree = "<group>";
		};
		68C03A7D1A95B25600555891 /* InfoPlist.strings */ = {
			isa = PBXVariantGroup;
			children = (
				68C03A7E1A95B25600555891 /* en */,
			);
			name = InfoPlist.strings;
			sourceTree = "<group>";
		};
/* End PBXVariantGroup section */

/* Begin XCBuildConfiguration section */
		68A9CD2B1A65015F003D09E4 /* Debug */ = {
			isa = XCBuildConfiguration;
			buildSettings = {
				ALWAYS_SEARCH_USER_PATHS = NO;
				CLANG_CXX_LANGUAGE_STANDARD = "gnu++0x";
				CLANG_CXX_LIBRARY = "libc++";
				CLANG_ENABLE_MODULES = YES;
				CLANG_ENABLE_OBJC_ARC = YES;
				CLANG_WARN_BOOL_CONVERSION = YES;
				CLANG_WARN_CONSTANT_CONVERSION = YES;
				CLANG_WARN_DIRECT_OBJC_ISA_USAGE = YES_ERROR;
				CLANG_WARN_EMPTY_BODY = YES;
				CLANG_WARN_ENUM_CONVERSION = YES;
				CLANG_WARN_INT_CONVERSION = YES;
				CLANG_WARN_OBJC_ROOT_CLASS = YES_ERROR;
				CLANG_WARN__DUPLICATE_METHOD_MATCH = YES;
				"CODE_SIGN_IDENTITY[sdk=iphoneos*]" = "iPhone Developer";
				COPY_PHASE_STRIP = YES;
				GCC_C_LANGUAGE_STANDARD = gnu99;
				GCC_DYNAMIC_NO_PIC = NO;
				GCC_OPTIMIZATION_LEVEL = 0;
				GCC_PREPROCESSOR_DEFINITIONS = (
					"DEBUG=1",
					"$(inherited)",
				);
				GCC_SYMBOLS_PRIVATE_EXTERN = NO;
				GCC_WARN_64_TO_32_BIT_CONVERSION = YES;
				GCC_WARN_ABOUT_RETURN_TYPE = YES_ERROR;
				GCC_WARN_UNDECLARED_SELECTOR = YES;
				GCC_WARN_UNINITIALIZED_AUTOS = YES;
				GCC_WARN_UNUSED_FUNCTION = YES;
				GCC_WARN_UNUSED_VARIABLE = YES;
				IPHONEOS_DEPLOYMENT_TARGET = 7.1;
				ONLY_ACTIVE_ARCH = YES;
				SDKROOT = iphoneos;
				TARGETED_DEVICE_FAMILY = 1;
				VALIDATE_PRODUCT = YES;
			};
			name = Debug;
		};
		68A9CD2C1A65015F003D09E4 /* Release */ = {
			isa = XCBuildConfiguration;
			buildSettings = {
				ALWAYS_SEARCH_USER_PATHS = NO;
				CLANG_CXX_LANGUAGE_STANDARD = "gnu++0x";
				CLANG_CXX_LIBRARY = "libc++";
				CLANG_ENABLE_MODULES = YES;
				CLANG_ENABLE_OBJC_ARC = YES;
				CLANG_WARN_BOOL_CONVERSION = YES;
				CLANG_WARN_CONSTANT_CONVERSION = YES;
				CLANG_WARN_DIRECT_OBJC_ISA_USAGE = YES_ERROR;
				CLANG_WARN_EMPTY_BODY = YES;
				CLANG_WARN_ENUM_CONVERSION = YES;
				CLANG_WARN_INT_CONVERSION = YES;
				CLANG_WARN_OBJC_ROOT_CLASS = YES_ERROR;
				CLANG_WARN__DUPLICATE_METHOD_MATCH = YES;
				"CODE_SIGN_IDENTITY[sdk=iphoneos*]" = "iPhone Developer";
				COPY_PHASE_STRIP = NO;
				ENABLE_NS_ASSERTIONS = NO;
				GCC_C_LANGUAGE_STANDARD = gnu99;
				GCC_WARN_64_TO_32_BIT_CONVERSION = YES;
				GCC_WARN_ABOUT_RETURN_TYPE = YES_ERROR;
				GCC_WARN_UNDECLARED_SELECTOR = YES;
				GCC_WARN_UNINITIALIZED_AUTOS = YES;
				GCC_WARN_UNUSED_FUNCTION = YES;
				GCC_WARN_UNUSED_VARIABLE = YES;
				IPHONEOS_DEPLOYMENT_TARGET = 7.1;
				SDKROOT = iphoneos;
				TARGETED_DEVICE_FAMILY = 1;
				VALIDATE_PRODUCT = NO;
			};
			name = Release;
		};
		68A9CD2E1A65015F003D09E4 /* Debug */ = {
			isa = XCBuildConfiguration;
			baseConfigurationReference = A739DB4F0CFEB3728BAA7FCF /* Pods.debug.xcconfig */;
			buildSettings = {
				ASSETCATALOG_COMPILER_APPICON_NAME = AppIcon;
				ASSETCATALOG_COMPILER_LAUNCHIMAGE_NAME = LaunchImage;
				FRAMEWORK_SEARCH_PATHS = "$(inherited)";
				GCC_PRECOMPILE_PREFIX_HEADER = YES;
				GCC_PREFIX_HEADER = "";
				INFOPLIST_FILE = "$(SRCROOT)/Co\\Lab/Co\\Lab -Info.plist";
				IPHONEOS_DEPLOYMENT_TARGET = 7.1;
				LIBRARY_SEARCH_PATHS = "$(inherited)";
				OTHER_LDFLAGS = "$(inherited)";
				PRODUCT_NAME = "Co\\Lab ";
				TARGETED_DEVICE_FAMILY = 1;
				WRAPPER_EXTENSION = app;
			};
			name = Debug;
		};
		68A9CD2F1A65015F003D09E4 /* Release */ = {
			isa = XCBuildConfiguration;
			baseConfigurationReference = C581BD758B19368361C3647D /* Pods.release.xcconfig */;
			buildSettings = {
				ASSETCATALOG_COMPILER_APPICON_NAME = AppIcon;
				ASSETCATALOG_COMPILER_LAUNCHIMAGE_NAME = LaunchImage;
				FRAMEWORK_SEARCH_PATHS = "$(inherited)";
				GCC_PRECOMPILE_PREFIX_HEADER = YES;
				GCC_PREFIX_HEADER = "";
				INFOPLIST_FILE = "$(SRCROOT)/Co\\Lab/Co\\Lab -Info.plist";
				IPHONEOS_DEPLOYMENT_TARGET = 7.1;
				LIBRARY_SEARCH_PATHS = "$(inherited)";
				OTHER_LDFLAGS = "$(inherited)";
				PRODUCT_NAME = "Co\\Lab ";
				TARGETED_DEVICE_FAMILY = 1;
				WRAPPER_EXTENSION = app;
			};
			name = Release;
		};
/* End XCBuildConfiguration section */

/* Begin XCConfigurationList section */
		68A9CCF31A65015F003D09E4 /* Build configuration list for PBXProject "Co\Lab " */ = {
			isa = XCConfigurationList;
			buildConfigurations = (
				68A9CD2B1A65015F003D09E4 /* Debug */,
				68A9CD2C1A65015F003D09E4 /* Release */,
			);
			defaultConfigurationIsVisible = 0;
			defaultConfigurationName = Release;
		};
		68A9CD2D1A65015F003D09E4 /* Build configuration list for PBXNativeTarget "Co\Lab " */ = {
			isa = XCConfigurationList;
			buildConfigurations = (
				68A9CD2E1A65015F003D09E4 /* Debug */,
				68A9CD2F1A65015F003D09E4 /* Release */,
			);
			defaultConfigurationIsVisible = 0;
			defaultConfigurationName = Release;
		};
/* End XCConfigurationList section */
	};
	rootObject = 68A9CCF01A65015F003D09E4 /* Project object */;
}
